
Microsoft Visual Studio Solution File, Format Version 12.00
# Visual Studio Version 17
VisualStudioVersion = 17.0.31903.59
MinimumVisualStudioVersion = 10.0.40219.1
Project("{FAE04EC0-301F-11D3-BF4B-00C04F79EFBC}") = "HelloWorld", "HelloWorld\HelloWorld.csproj", "{7C9B49BF-C0BE-4B13-95C9-89DD206CBA96}"
EndProject
Project("{FAE04EC0-301F-11D3-BF4B-00C04F79EFBC}") = "Exercice2", "Exercice2\Exercice2.csproj", "{45438CA1-4EF7-4EEC-A084-8CEFC9A6DB85}"
EndProject
Project("{FAE04EC0-301F-11D3-BF4B-00C04F79EFBC}") = "Exercice3", "Exercice3\Exercice3.csproj", "{D60BB0F3-ADCF-44E8-B6E8-BC54A8B68588}"
EndProject
Project("{FAE04EC0-301F-11D3-BF4B-00C04F79EFBC}") = "Exercice4", "Exercice4\Exercice4.csproj", "{A9AA6B18-43D3-436F-BA99-4E62EA3D3747}"
EndProject
Project("{FAE04EC0-301F-11D3-BF4B-00C04F79EFBC}") = "Exercice5", "Exercice5\Exercice5.csproj", "{95BDC1BE-9784-4E5F-8DE2-66743AB77A25}"
EndProject
Project("{FAE04EC0-301F-11D3-BF4B-00C04F79EFBC}") = "Exercice6", "Exercice6\Exercice6.csproj", "{73C108AB-293B-432A-B796-5274CECEA6CD}"
EndProject
Project("{FAE04EC0-301F-11D3-BF4B-00C04F79EFBC}") = "Exercice7", "Exercice7\Exercice7.csproj", "{75195C95-B7C7-41EB-A8E0-625C379C8728}"
EndProject
Project("{FAE04EC0-301F-11D3-BF4B-00C04F79EFBC}") = "Exercice8", "Exercice8\Exercice8.csproj", "{6C27D9E0-B886-4819-81B6-BB87A7C00728}"
EndProject
Project("{FAE04EC0-301F-11D3-BF4B-00C04F79EFBC}") = "Exercice9", "Exercice9\Exercice9.csproj", "{4BAED299-14B0-493B-8FB4-DF9E6D5F542A}"
EndProject
Project("{FAE04EC0-301F-11D3-BF4B-00C04F79EFBC}") = "Exercice10", "Exercice10\Exercice10.csproj", "{519DDBF9-122A-44A4-8ADA-EA517D251CF4}"
EndProject
Project("{FAE04EC0-301F-11D3-BF4B-00C04F79EFBC}") = "Exercice11", "Exercice11\Exercice11.csproj", "{7A4A9F41-C213-46D9-BBC8-227FB35CA9E3}"
EndProject
Project("{FAE04EC0-301F-11D3-BF4B-00C04F79EFBC}") = "Exercice12", "Exercice12\Exercice12.csproj", "{DACF7D95-E742-4D13-8101-4BD815E6EAA9}"
EndProject
Project("{FAE04EC0-301F-11D3-BF4B-00C04F79EFBC}") = "Exercice13", "Exercice13\Exercice13.csproj", "{7182A02D-EF2A-4E2D-B472-F29486CB4C57}"
EndProject
Project("{FAE04EC0-301F-11D3-BF4B-00C04F79EFBC}") = "Exercice14", "Exercice14\Exercice14.csproj", "{9184FEFA-D67B-428F-BBC4-7D2D439F9523}"
EndProject
Project("{FAE04EC0-301F-11D3-BF4B-00C04F79EFBC}") = "Exercice15", "Exercice15\Exercice15.csproj", "{85E69E49-49FA-4DDA-BE0C-1F5D85D64927}"
EndProject
Project("{FAE04EC0-301F-11D3-BF4B-00C04F79EFBC}") = "Exercice16", "Exercice16\Exercice16.csproj", "{F46D2E7D-92FC-4334-B93E-48EE4B4CCF44}"
EndProject
Project("{FAE04EC0-301F-11D3-BF4B-00C04F79EFBC}") = "Exercice17", "Exercice17\Exercice17.csproj", "{1616C4EF-7A20-4576-B7F5-1CA07E8540B4}"
EndProject
Project("{FAE04EC0-301F-11D3-BF4B-00C04F79EFBC}") = "Exercice18", "Exercice18\Exercice18.csproj", "{CB2EB6D3-C5A0-44BD-9F28-757BCBCF5910}"
EndProject
Project("{FAE04EC0-301F-11D3-BF4B-00C04F79EFBC}") = "Exercice19", "Exercice19\Exercice19.csproj", "{60FD3308-D615-4A37-BBB2-A778353579E1}"
EndProject
Project("{FAE04EC0-301F-11D3-BF4B-00C04F79EFBC}") = "Exercice20", "Exercice20\Exercice20.csproj", "{C972F6B8-4A6B-4000-8411-8EEF3624F62E}"
EndProject
Project("{FAE04EC0-301F-11D3-BF4B-00C04F79EFBC}") = "Exercice21", "Exercice21\Exercice21.csproj", "{DA9ACACB-E1F8-425F-A68C-A5B52A7E8E41}"
EndProject
Project("{FAE04EC0-301F-11D3-BF4B-00C04F79EFBC}") = "Exercice22", "Exercice22\Exercice22.csproj", "{39E1A1AA-0568-469B-8F43-54078DA229FC}"
EndProject
Project("{FAE04EC0-301F-11D3-BF4B-00C04F79EFBC}") = "Exercice23", "Exercice23\Exercice23.csproj", "{72FA9BA3-9454-4D6B-9270-E7E11585227E}"
EndProject
Global
	GlobalSection(SolutionConfigurationPlatforms) = preSolution
		Debug|Any CPU = Debug|Any CPU
		Release|Any CPU = Release|Any CPU
	EndGlobalSection
	GlobalSection(SolutionProperties) = preSolution
		HideSolutionNode = FALSE
	EndGlobalSection
	GlobalSection(ProjectConfigurationPlatforms) = postSolution
		{7C9B49BF-C0BE-4B13-95C9-89DD206CBA96}.Debug|Any CPU.ActiveCfg = Debug|Any CPU
		{7C9B49BF-C0BE-4B13-95C9-89DD206CBA96}.Debug|Any CPU.Build.0 = Debug|Any CPU
		{7C9B49BF-C0BE-4B13-95C9-89DD206CBA96}.Release|Any CPU.ActiveCfg = Release|Any CPU
		{7C9B49BF-C0BE-4B13-95C9-89DD206CBA96}.Release|Any CPU.Build.0 = Release|Any CPU
		{45438CA1-4EF7-4EEC-A084-8CEFC9A6DB85}.Debug|Any CPU.ActiveCfg = Debug|Any CPU
		{45438CA1-4EF7-4EEC-A084-8CEFC9A6DB85}.Debug|Any CPU.Build.0 = Debug|Any CPU
		{45438CA1-4EF7-4EEC-A084-8CEFC9A6DB85}.Release|Any CPU.ActiveCfg = Release|Any CPU
		{45438CA1-4EF7-4EEC-A084-8CEFC9A6DB85}.Release|Any CPU.Build.0 = Release|Any CPU
		{D60BB0F3-ADCF-44E8-B6E8-BC54A8B68588}.Debug|Any CPU.ActiveCfg = Debug|Any CPU
		{D60BB0F3-ADCF-44E8-B6E8-BC54A8B68588}.Debug|Any CPU.Build.0 = Debug|Any CPU
		{D60BB0F3-ADCF-44E8-B6E8-BC54A8B68588}.Release|Any CPU.ActiveCfg = Release|Any CPU
		{D60BB0F3-ADCF-44E8-B6E8-BC54A8B68588}.Release|Any CPU.Build.0 = Release|Any CPU
		{A9AA6B18-43D3-436F-BA99-4E62EA3D3747}.Debug|Any CPU.ActiveCfg = Debug|Any CPU
		{A9AA6B18-43D3-436F-BA99-4E62EA3D3747}.Debug|Any CPU.Build.0 = Debug|Any CPU
		{A9AA6B18-43D3-436F-BA99-4E62EA3D3747}.Release|Any CPU.ActiveCfg = Release|Any CPU
		{A9AA6B18-43D3-436F-BA99-4E62EA3D3747}.Release|Any CPU.Build.0 = Release|Any CPU
		{95BDC1BE-9784-4E5F-8DE2-66743AB77A25}.Debug|Any CPU.ActiveCfg = Debug|Any CPU
		{95BDC1BE-9784-4E5F-8DE2-66743AB77A25}.Debug|Any CPU.Build.0 = Debug|Any CPU
		{95BDC1BE-9784-4E5F-8DE2-66743AB77A25}.Release|Any CPU.ActiveCfg = Release|Any CPU
		{95BDC1BE-9784-4E5F-8DE2-66743AB77A25}.Release|Any CPU.Build.0 = Release|Any CPU
		{73C108AB-293B-432A-B796-5274CECEA6CD}.Debug|Any CPU.ActiveCfg = Debug|Any CPU
		{73C108AB-293B-432A-B796-5274CECEA6CD}.Debug|Any CPU.Build.0 = Debug|Any CPU
		{73C108AB-293B-432A-B796-5274CECEA6CD}.Release|Any CPU.ActiveCfg = Release|Any CPU
		{73C108AB-293B-432A-B796-5274CECEA6CD}.Release|Any CPU.Build.0 = Release|Any CPU
		{75195C95-B7C7-41EB-A8E0-625C379C8728}.Debug|Any CPU.ActiveCfg = Debug|Any CPU
		{75195C95-B7C7-41EB-A8E0-625C379C8728}.Debug|Any CPU.Build.0 = Debug|Any CPU
		{75195C95-B7C7-41EB-A8E0-625C379C8728}.Release|Any CPU.ActiveCfg = Release|Any CPU
		{75195C95-B7C7-41EB-A8E0-625C379C8728}.Release|Any CPU.Build.0 = Release|Any CPU
		{6C27D9E0-B886-4819-81B6-BB87A7C00728}.Debug|Any CPU.ActiveCfg = Debug|Any CPU
		{6C27D9E0-B886-4819-81B6-BB87A7C00728}.Debug|Any CPU.Build.0 = Debug|Any CPU
		{6C27D9E0-B886-4819-81B6-BB87A7C00728}.Release|Any CPU.ActiveCfg = Release|Any CPU
		{6C27D9E0-B886-4819-81B6-BB87A7C00728}.Release|Any CPU.Build.0 = Release|Any CPU
		{4BAED299-14B0-493B-8FB4-DF9E6D5F542A}.Debug|Any CPU.ActiveCfg = Debug|Any CPU
		{4BAED299-14B0-493B-8FB4-DF9E6D5F542A}.Debug|Any CPU.Build.0 = Debug|Any CPU
		{4BAED299-14B0-493B-8FB4-DF9E6D5F542A}.Release|Any CPU.ActiveCfg = Release|Any CPU
		{4BAED299-14B0-493B-8FB4-DF9E6D5F542A}.Release|Any CPU.Build.0 = Release|Any CPU
		{519DDBF9-122A-44A4-8ADA-EA517D251CF4}.Debug|Any CPU.ActiveCfg = Debug|Any CPU
		{519DDBF9-122A-44A4-8ADA-EA517D251CF4}.Debug|Any CPU.Build.0 = Debug|Any CPU
		{519DDBF9-122A-44A4-8ADA-EA517D251CF4}.Release|Any CPU.ActiveCfg = Release|Any CPU
		{519DDBF9-122A-44A4-8ADA-EA517D251CF4}.Release|Any CPU.Build.0 = Release|Any CPU
		{7A4A9F41-C213-46D9-BBC8-227FB35CA9E3}.Debug|Any CPU.ActiveCfg = Debug|Any CPU
		{7A4A9F41-C213-46D9-BBC8-227FB35CA9E3}.Debug|Any CPU.Build.0 = Debug|Any CPU
		{7A4A9F41-C213-46D9-BBC8-227FB35CA9E3}.Release|Any CPU.ActiveCfg = Release|Any CPU
		{7A4A9F41-C213-46D9-BBC8-227FB35CA9E3}.Release|Any CPU.Build.0 = Release|Any CPU
		{DACF7D95-E742-4D13-8101-4BD815E6EAA9}.Debug|Any CPU.ActiveCfg = Debug|Any CPU
		{DACF7D95-E742-4D13-8101-4BD815E6EAA9}.Debug|Any CPU.Build.0 = Debug|Any CPU
		{DACF7D95-E742-4D13-8101-4BD815E6EAA9}.Release|Any CPU.ActiveCfg = Release|Any CPU
		{DACF7D95-E742-4D13-8101-4BD815E6EAA9}.Release|Any CPU.Build.0 = Release|Any CPU
		{7182A02D-EF2A-4E2D-B472-F29486CB4C57}.Debug|Any CPU.ActiveCfg = Debug|Any CPU
		{7182A02D-EF2A-4E2D-B472-F29486CB4C57}.Debug|Any CPU.Build.0 = Debug|Any CPU
		{7182A02D-EF2A-4E2D-B472-F29486CB4C57}.Release|Any CPU.ActiveCfg = Release|Any CPU
		{7182A02D-EF2A-4E2D-B472-F29486CB4C57}.Release|Any CPU.Build.0 = Release|Any CPU
		{9184FEFA-D67B-428F-BBC4-7D2D439F9523}.Debug|Any CPU.ActiveCfg = Debug|Any CPU
		{9184FEFA-D67B-428F-BBC4-7D2D439F9523}.Debug|Any CPU.Build.0 = Debug|Any CPU
		{9184FEFA-D67B-428F-BBC4-7D2D439F9523}.Release|Any CPU.ActiveCfg = Release|Any CPU
		{9184FEFA-D67B-428F-BBC4-7D2D439F9523}.Release|Any CPU.Build.0 = Release|Any CPU
		{85E69E49-49FA-4DDA-BE0C-1F5D85D64927}.Debug|Any CPU.ActiveCfg = Debug|Any CPU
		{85E69E49-49FA-4DDA-BE0C-1F5D85D64927}.Debug|Any CPU.Build.0 = Debug|Any CPU
		{85E69E49-49FA-4DDA-BE0C-1F5D85D64927}.Release|Any CPU.ActiveCfg = Release|Any CPU
		{85E69E49-49FA-4DDA-BE0C-1F5D85D64927}.Release|Any CPU.Build.0 = Release|Any CPU
		{F46D2E7D-92FC-4334-B93E-48EE4B4CCF44}.Debug|Any CPU.ActiveCfg = Debug|Any CPU
		{F46D2E7D-92FC-4334-B93E-48EE4B4CCF44}.Debug|Any CPU.Build.0 = Debug|Any CPU
		{F46D2E7D-92FC-4334-B93E-48EE4B4CCF44}.Release|Any CPU.ActiveCfg = Release|Any CPU
		{F46D2E7D-92FC-4334-B93E-48EE4B4CCF44}.Release|Any CPU.Build.0 = Release|Any CPU
		{1616C4EF-7A20-4576-B7F5-1CA07E8540B4}.Debug|Any CPU.ActiveCfg = Debug|Any CPU
		{1616C4EF-7A20-4576-B7F5-1CA07E8540B4}.Debug|Any CPU.Build.0 = Debug|Any CPU
		{1616C4EF-7A20-4576-B7F5-1CA07E8540B4}.Release|Any CPU.ActiveCfg = Release|Any CPU
		{1616C4EF-7A20-4576-B7F5-1CA07E8540B4}.Release|Any CPU.Build.0 = Release|Any CPU
		{CB2EB6D3-C5A0-44BD-9F28-757BCBCF5910}.Debug|Any CPU.ActiveCfg = Debug|Any CPU
		{CB2EB6D3-C5A0-44BD-9F28-757BCBCF5910}.Debug|Any CPU.Build.0 = Debug|Any CPU
		{CB2EB6D3-C5A0-44BD-9F28-757BCBCF5910}.Release|Any CPU.ActiveCfg = Release|Any CPU
		{CB2EB6D3-C5A0-44BD-9F28-757BCBCF5910}.Release|Any CPU.Build.0 = Release|Any CPU
		{60FD3308-D615-4A37-BBB2-A778353579E1}.Debug|Any CPU.ActiveCfg = Debug|Any CPU
		{60FD3308-D615-4A37-BBB2-A778353579E1}.Debug|Any CPU.Build.0 = Debug|Any CPU
		{60FD3308-D615-4A37-BBB2-A778353579E1}.Release|Any CPU.ActiveCfg = Release|Any CPU
		{60FD3308-D615-4A37-BBB2-A778353579E1}.Release|Any CPU.Build.0 = Release|Any CPU
		{C972F6B8-4A6B-4000-8411-8EEF3624F62E}.Debug|Any CPU.ActiveCfg = Debug|Any CPU
		{C972F6B8-4A6B-4000-8411-8EEF3624F62E}.Debug|Any CPU.Build.0 = Debug|Any CPU
		{C972F6B8-4A6B-4000-8411-8EEF3624F62E}.Release|Any CPU.ActiveCfg = Release|Any CPU
		{C972F6B8-4A6B-4000-8411-8EEF3624F62E}.Release|Any CPU.Build.0 = Release|Any CPU
		{DA9ACACB-E1F8-425F-A68C-A5B52A7E8E41}.Debug|Any CPU.ActiveCfg = Debug|Any CPU
		{DA9ACACB-E1F8-425F-A68C-A5B52A7E8E41}.Debug|Any CPU.Build.0 = Debug|Any CPU
		{DA9ACACB-E1F8-425F-A68C-A5B52A7E8E41}.Release|Any CPU.ActiveCfg = Release|Any CPU
		{DA9ACACB-E1F8-425F-A68C-A5B52A7E8E41}.Release|Any CPU.Build.0 = Release|Any CPU
		{39E1A1AA-0568-469B-8F43-54078DA229FC}.Debug|Any CPU.ActiveCfg = Debug|Any CPU
		{39E1A1AA-0568-469B-8F43-54078DA229FC}.Debug|Any CPU.Build.0 = Debug|Any CPU
		{39E1A1AA-0568-469B-8F43-54078DA229FC}.Release|Any CPU.ActiveCfg = Release|Any CPU
		{39E1A1AA-0568-469B-8F43-54078DA229FC}.Release|Any CPU.Build.0 = Release|Any CPU
		{72FA9BA3-9454-4D6B-9270-E7E11585227E}.Debug|Any CPU.ActiveCfg = Debug|Any CPU
		{72FA9BA3-9454-4D6B-9270-E7E11585227E}.Debug|Any CPU.Build.0 = Debug|Any CPU
		{72FA9BA3-9454-4D6B-9270-E7E11585227E}.Release|Any CPU.ActiveCfg = Release|Any CPU
		{72FA9BA3-9454-4D6B-9270-E7E11585227E}.Release|Any CPU.Build.0 = Release|Any CPU
	EndGlobalSection
EndGlobal
